
Microsoft Visual Studio Solution File, Format Version 12.00
# Visual Studio 15
VisualStudioVersion = 15.0.28307.779
MinimumVisualStudioVersion = 10.0.40219.1
Project("{FAE04EC0-301F-11D3-BF4B-00C04F79EFBC}") = "WebApplication1", "WebApplication1\WebApplication1.csproj", "{344D1258-A88F-4ED7-B09E-BE21D4FAE86B}"
EndProject
Global
	GlobalSection(SolutionConfigurationPlatforms) = preSolution
		Debug|Any CPU = Debug|Any CPU
		Release|Any CPU = Release|Any CPU
	EndGlobalSection
	GlobalSection(ProjectConfigurationPlatforms) = postSolution
		{344D1258-A88F-4ED7-B09E-BE21D4FAE86B}.Debug|Any CPU.ActiveCfg = Debug|Any CPU
		{344D1258-A88F-4ED7-B09E-BE21D4FAE86B}.Debug|Any CPU.Build.0 = Debug|Any CPU
		{344D1258-A88F-4ED7-B09E-BE21D4FAE86B}.Release|Any CPU.ActiveCfg = Release|Any CPU
		{344D1258-A88F-4ED7-B09E-BE21D4FAE86B}.Release|Any CPU.Build.0 = Release|Any CPU
	EndGlobalSection
	GlobalSection(SolutionProperties) = preSolution
		HideSolutionNode = FALSE
	EndGlobalSection
	GlobalSection(ExtensibilityGlobals) = postSolution
		SolutionGuid = {B15B2202-4C29-4666-A635-A3BA90EE20F8}
	EndGlobalSection
EndGlobal
