
Microsoft Visual Studio Solution File, Format Version 12.00
# Visual Studio 15
VisualStudioVersion = 15.0.28307.779
MinimumVisualStudioVersion = 10.0.40219.1
Project("{FAE04EC0-301F-11D3-BF4B-00C04F79EFBC}") = "EventApplication", "EventApplication\EventApplication.csproj", "{F9257CEA-BEC6-4682-AEA8-9ECF8B1A4AFA}"
EndProject
Global
	GlobalSection(SolutionConfigurationPlatforms) = preSolution
		Debug|Any CPU = Debug|Any CPU
		Release|Any CPU = Release|Any CPU
	EndGlobalSection
	GlobalSection(ProjectConfigurationPlatforms) = postSolution
		{F9257CEA-BEC6-4682-AEA8-9ECF8B1A4AFA}.Debug|Any CPU.ActiveCfg = Debug|Any CPU
		{F9257CEA-BEC6-4682-AEA8-9ECF8B1A4AFA}.Debug|Any CPU.Build.0 = Debug|Any CPU
		{F9257CEA-BEC6-4682-AEA8-9ECF8B1A4AFA}.Release|Any CPU.ActiveCfg = Release|Any CPU
		{F9257CEA-BEC6-4682-AEA8-9ECF8B1A4AFA}.Release|Any CPU.Build.0 = Release|Any CPU
	EndGlobalSection
	GlobalSection(SolutionProperties) = preSolution
		HideSolutionNode = FALSE
	EndGlobalSection
	GlobalSection(ExtensibilityGlobals) = postSolution
		SolutionGuid = {33B8A44B-8710-41FE-9B15-88D18D515D23}
	EndGlobalSection
EndGlobal
